
Microsoft Visual Studio Solution File, Format Version 12.00
# Visual Studio Version 17
VisualStudioVersion = 17.7.34202.233
MinimumVisualStudioVersion = 10.0.40219.1
Project("{FAE04EC0-301F-11D3-BF4B-00C04F79EFBC}") = "Utilisateur.API", "Utilisateurs\Utilisateur.API.csproj", "{155DC7F7-9D8D-4640-8E0D-AB84C1364314}"
EndProject
Project("{FAE04EC0-301F-11D3-BF4B-00C04F79EFBC}") = "Utilisateur.DTO", "Utilisateur.DTO\Utilisateur.DTO.csproj", "{7FA07D1E-C083-4842-B992-335DAA82A2AB}"
EndProject
Project("{FAE04EC0-301F-11D3-BF4B-00C04F79EFBC}") = "Utilisateur.DAL", "Utilisateur.DAL\Utilisateur.DAL.csproj", "{D8231818-3A6B-483A-AC54-3BB583D7A15C}"
EndProject
Global
	GlobalSection(SolutionConfigurationPlatforms) = preSolution
		Debug|Any CPU = Debug|Any CPU
		Release|Any CPU = Release|Any CPU
	EndGlobalSection
	GlobalSection(ProjectConfigurationPlatforms) = postSolution
		{155DC7F7-9D8D-4640-8E0D-AB84C1364314}.Debug|Any CPU.ActiveCfg = Debug|Any CPU
		{155DC7F7-9D8D-4640-8E0D-AB84C1364314}.Debug|Any CPU.Build.0 = Debug|Any CPU
		{155DC7F7-9D8D-4640-8E0D-AB84C1364314}.Release|Any CPU.ActiveCfg = Release|Any CPU
		{155DC7F7-9D8D-4640-8E0D-AB84C1364314}.Release|Any CPU.Build.0 = Release|Any CPU
		{7FA07D1E-C083-4842-B992-335DAA82A2AB}.Debug|Any CPU.ActiveCfg = Debug|Any CPU
		{7FA07D1E-C083-4842-B992-335DAA82A2AB}.Debug|Any CPU.Build.0 = Debug|Any CPU
		{7FA07D1E-C083-4842-B992-335DAA82A2AB}.Release|Any CPU.ActiveCfg = Release|Any CPU
		{7FA07D1E-C083-4842-B992-335DAA82A2AB}.Release|Any CPU.Build.0 = Release|Any CPU
		{D8231818-3A6B-483A-AC54-3BB583D7A15C}.Debug|Any CPU.ActiveCfg = Debug|Any CPU
		{D8231818-3A6B-483A-AC54-3BB583D7A15C}.Debug|Any CPU.Build.0 = Debug|Any CPU
		{D8231818-3A6B-483A-AC54-3BB583D7A15C}.Release|Any CPU.ActiveCfg = Release|Any CPU
		{D8231818-3A6B-483A-AC54-3BB583D7A15C}.Release|Any CPU.Build.0 = Release|Any CPU
	EndGlobalSection
	GlobalSection(SolutionProperties) = preSolution
		HideSolutionNode = FALSE
	EndGlobalSection
	GlobalSection(ExtensibilityGlobals) = postSolution
		SolutionGuid = {AA674F55-9727-454D-B45C-D926184774BA}
	EndGlobalSection
EndGlobal
